
Microsoft Visual Studio Solution File, Format Version 12.00
# Visual Studio Version 17
VisualStudioVersion = 17.10.35013.160
MinimumVisualStudioVersion = 10.0.40219.1
Project("{8BC9CEB8-8B4A-11D0-8D11-00A0C91BC942}") = "Project3", "Project3\Project3.vcxproj", "{A2C16DC4-ABD1-4461-B2B7-8DE46B631D6F}"
EndProject
Project("{8BC9CEB8-8B4A-11D0-8D11-00A0C91BC942}") = "Project1", "Project1\Project1.vcxproj", "{785F1C29-F740-4966-B5CF-DBFB2D0E0490}"
EndProject
Project("{8BC9CEB8-8B4A-11D0-8D11-00A0C91BC942}") = "gün", "gün\gün.vcxproj", "{D52B7030-26DA-4DB1-81B9-17BD1F780009}"
EndProject
Global
	GlobalSection(SolutionConfigurationPlatforms) = preSolution
		Debug|x64 = Debug|x64
		Debug|x86 = Debug|x86
		Release|x64 = Release|x64
		Release|x86 = Release|x86
	EndGlobalSection
	GlobalSection(ProjectConfigurationPlatforms) = postSolution
		{A2C16DC4-ABD1-4461-B2B7-8DE46B631D6F}.Debug|x64.ActiveCfg = Debug|x64
		{A2C16DC4-ABD1-4461-B2B7-8DE46B631D6F}.Debug|x64.Build.0 = Debug|x64
		{A2C16DC4-ABD1-4461-B2B7-8DE46B631D6F}.Debug|x86.ActiveCfg = Debug|Win32
		{A2C16DC4-ABD1-4461-B2B7-8DE46B631D6F}.Debug|x86.Build.0 = Debug|Win32
		{A2C16DC4-ABD1-4461-B2B7-8DE46B631D6F}.Release|x64.ActiveCfg = Release|x64
		{A2C16DC4-ABD1-4461-B2B7-8DE46B631D6F}.Release|x64.Build.0 = Release|x64
		{A2C16DC4-ABD1-4461-B2B7-8DE46B631D6F}.Release|x86.ActiveCfg = Release|Win32
		{A2C16DC4-ABD1-4461-B2B7-8DE46B631D6F}.Release|x86.Build.0 = Release|Win32
		{785F1C29-F740-4966-B5CF-DBFB2D0E0490}.Debug|x64.ActiveCfg = Debug|x64
		{785F1C29-F740-4966-B5CF-DBFB2D0E0490}.Debug|x64.Build.0 = Debug|x64
		{785F1C29-F740-4966-B5CF-DBFB2D0E0490}.Debug|x86.ActiveCfg = Debug|Win32
		{785F1C29-F740-4966-B5CF-DBFB2D0E0490}.Debug|x86.Build.0 = Debug|Win32
		{785F1C29-F740-4966-B5CF-DBFB2D0E0490}.Release|x64.ActiveCfg = Release|x64
		{785F1C29-F740-4966-B5CF-DBFB2D0E0490}.Release|x64.Build.0 = Release|x64
		{785F1C29-F740-4966-B5CF-DBFB2D0E0490}.Release|x86.ActiveCfg = Release|Win32
		{785F1C29-F740-4966-B5CF-DBFB2D0E0490}.Release|x86.Build.0 = Release|Win32
		{D52B7030-26DA-4DB1-81B9-17BD1F780009}.Debug|x64.ActiveCfg = Debug|x64
		{D52B7030-26DA-4DB1-81B9-17BD1F780009}.Debug|x64.Build.0 = Debug|x64
		{D52B7030-26DA-4DB1-81B9-17BD1F780009}.Debug|x86.ActiveCfg = Debug|Win32
		{D52B7030-26DA-4DB1-81B9-17BD1F780009}.Debug|x86.Build.0 = Debug|Win32
		{D52B7030-26DA-4DB1-81B9-17BD1F780009}.Release|x64.ActiveCfg = Release|x64
		{D52B7030-26DA-4DB1-81B9-17BD1F780009}.Release|x64.Build.0 = Release|x64
		{D52B7030-26DA-4DB1-81B9-17BD1F780009}.Release|x86.ActiveCfg = Release|Win32
		{D52B7030-26DA-4DB1-81B9-17BD1F780009}.Release|x86.Build.0 = Release|Win32
	EndGlobalSection
	GlobalSection(SolutionProperties) = preSolution
		HideSolutionNode = FALSE
	EndGlobalSection
	GlobalSection(ExtensibilityGlobals) = postSolution
		SolutionGuid = {D30796FC-3F39-4B7C-80CB-7E93A19850B1}
	EndGlobalSection
EndGlobal
